{
  "nodes": {
    "flake-utils": {
      "inputs": {
        "systems": "systems"
      },
      "locked": {
        "lastModified": 1731533236,
        "narHash": "sha256-l0KFg5HjrsfsO/JpG+r7fRrqm12kzFHyUHqHCVpMMbI=",
        "owner": "numtide",
        "repo": "flake-utils",
        "rev": "11707dc2f618dd54ca8739b309ec4fc024de578b",
        "type": "github"
      },
      "original": {
        "owner": "numtide",
        "repo": "flake-utils",
        "type": "github"
      }
    },
    "nixpkgs": {
      "locked": {
        "lastModified": 1782847189,
        "narHash": "sha256-twXPFqFsrrY5r28Zh7Homgcp2gUMBgQ6WDS98Q/3xFI=",
        "owner": "NixOS",
        "repo": "nixpkgs",
        "rev": "b6018f87da91d19d0ab4cf979885689b469cdd41",
        "type": "github"
      },
      "original": {
        "owner": "NixOS",
        "ref": "nixos-25.11",
        "repo": "nixpkgs",
        "type": "github"
      }
    },
    "nixpkgs-playwright": {
      "locked": {
        "lastModified": 1783079170,
        "narHash": "sha256-Iwqi/HUUut0bmViXcTIlD00Ae7uUk1LzNUD/Xfkz8nI=",
        "owner": "NixOS",
        "repo": "nixpkgs",
        "rev": "f2676046a1cba86d6f86a64f5b6d427b2f4dec96",
        "type": "github"
      },
      "original": {
        "owner": "NixOS",
        "repo": "nixpkgs",
        "rev": "f2676046a1cba86d6f86a64f5b6d427b2f4dec96",
        "type": "github"
      }
    },
    "psyduck": {
      "inputs": {
        "flake-utils": "flake-utils",
        "nixpkgs": [
          "nixpkgs"
        ]
      },
      "locked": {
        "lastModified": 1785895309,
        "narHash": "sha256-z1dTjsManOjKisY5Kq48zoEUGcpJCs51Pf+B4Sn8CkY=",
        "owner": "gastrodon",
        "repo": "psyduck",
        "rev": "41870d05ed683f44eb4141cc8c86e006f31a1d12",
        "type": "github"
      },
      "original": {
        "owner": "gastrodon",
        "repo": "psyduck",
        "type": "github"
      }
    },
    "root": {
      "inputs": {
        "nixpkgs": "nixpkgs",
        "nixpkgs-playwright": "nixpkgs-playwright",
        "psyduck": "psyduck"
      }
    },
    "systems": {
      "locked": {
        "lastModified": 1681028828,
        "narHash": "sha256-Vy1rq5AaRuLzOxct8nz4T6wlgyUR7zLU309k9mBC768=",
        "owner": "nix-systems",
        "repo": "default",
        "rev": "da67096a3b9bf56a91d16901293e51ba5b49a27e",
        "type": "github"
      },
      "original": {
        "owner": "nix-systems",
        "repo": "default",
        "type": "github"
      }
    }
  },
  "root": "root",
  "version": 7
}
